
Microsoft Visual Studio Solution File, Format Version 12.00
# Visual Studio Version 16
VisualStudioVersion = 16.0.32002.261
MinimumVisualStudioVersion = 10.0.40219.1
Project("{FAE04EC0-301F-11D3-BF4B-00C04F79EFBC}") = "Sebo1", "Sebo1.csproj", "{3399337A-483C-41B2-AFEE-34833B5AD3B2}"
EndProject
Global
	GlobalSection(SolutionConfigurationPlatforms) = preSolution
		Debug|Any CPU = Debug|Any CPU
		Release|Any CPU = Release|Any CPU
	EndGlobalSection
	GlobalSection(ProjectConfigurationPlatforms) = postSolution
		{3399337A-483C-41B2-AFEE-34833B5AD3B2}.Debug|Any CPU.ActiveCfg = Debug|Any CPU
		{3399337A-483C-41B2-AFEE-34833B5AD3B2}.Debug|Any CPU.Build.0 = Debug|Any CPU
		{3399337A-483C-41B2-AFEE-34833B5AD3B2}.Release|Any CPU.ActiveCfg = Release|Any CPU
		{3399337A-483C-41B2-AFEE-34833B5AD3B2}.Release|Any CPU.Build.0 = Release|Any CPU
	EndGlobalSection
	GlobalSection(SolutionProperties) = preSolution
		HideSolutionNode = FALSE
	EndGlobalSection
	GlobalSection(ExtensibilityGlobals) = postSolution
		SolutionGuid = {5F5DFCB1-9CAF-4059-9ACC-F52806F07804}
	EndGlobalSection
EndGlobal
